
Microsoft Visual Studio Solution File, Format Version 12.00
# Visual Studio Version 17
VisualStudioVersion = 17.8.34004.107
MinimumVisualStudioVersion = 10.0.40219.1
Project("{FAE04EC0-301F-11D3-BF4B-00C04F79EFBC}") = "BulkyWeb", "BulkyWeb\BulkyWeb.csproj", "{5A1F1D91-00EC-4BEA-A911-85D0B5C8BC8B}"
EndProject
Global
	GlobalSection(SolutionConfigurationPlatforms) = preSolution
		Debug|Any CPU = Debug|Any CPU
		Release|Any CPU = Release|Any CPU
	EndGlobalSection
	GlobalSection(ProjectConfigurationPlatforms) = postSolution
		{5A1F1D91-00EC-4BEA-A911-85D0B5C8BC8B}.Debug|Any CPU.ActiveCfg = Debug|Any CPU
		{5A1F1D91-00EC-4BEA-A911-85D0B5C8BC8B}.Debug|Any CPU.Build.0 = Debug|Any CPU
		{5A1F1D91-00EC-4BEA-A911-85D0B5C8BC8B}.Release|Any CPU.ActiveCfg = Release|Any CPU
		{5A1F1D91-00EC-4BEA-A911-85D0B5C8BC8B}.Release|Any CPU.Build.0 = Release|Any CPU
	EndGlobalSection
	GlobalSection(SolutionProperties) = preSolution
		HideSolutionNode = FALSE
	EndGlobalSection
	GlobalSection(ExtensibilityGlobals) = postSolution
		SolutionGuid = {54D3771C-01AB-4E00-B8F9-B2F5482C648F}
	EndGlobalSection
EndGlobal
