
Microsoft Visual Studio Solution File, Format Version 12.00
# Visual Studio Version 17
VisualStudioVersion = 17.8.34004.107
MinimumVisualStudioVersion = 10.0.40219.1
Project("{9A19103F-16F7-4668-BE54-9A1E7A4F7556}") = "BulkyWeb", "BulkyWeb\BulkyWeb.csproj", "{5A1F1D91-00EC-4BEA-A911-85D0B5C8BC8B}"
EndProject
Project("{FAE04EC0-301F-11D3-BF4B-00C04F79EFBC}") = "Bulky.DataAccess", "Bulky.DataAccess\Bulky.DataAccess.csproj", "{D14DBC7A-CA8F-4EF4-8474-F766B5FDE75A}"
EndProject
Project("{FAE04EC0-301F-11D3-BF4B-00C04F79EFBC}") = "Bulky.Models", "Bulky.Models\Bulky.Models.csproj", "{3B3846CE-3624-406B-8F27-29703F97E0BF}"
EndProject
Project("{FAE04EC0-301F-11D3-BF4B-00C04F79EFBC}") = "Bulky.Utility", "Bulky.Utility\Bulky.Utility.csproj", "{C0E62A85-F44F-4F1F-8DEB-D1BE2099C5B1}"
EndProject
Global
	GlobalSection(SolutionConfigurationPlatforms) = preSolution
		Debug|Any CPU = Debug|Any CPU
		Release|Any CPU = Release|Any CPU
	EndGlobalSection
	GlobalSection(ProjectConfigurationPlatforms) = postSolution
		{5A1F1D91-00EC-4BEA-A911-85D0B5C8BC8B}.Debug|Any CPU.ActiveCfg = Debug|Any CPU
		{5A1F1D91-00EC-4BEA-A911-85D0B5C8BC8B}.Debug|Any CPU.Build.0 = Debug|Any CPU
		{5A1F1D91-00EC-4BEA-A911-85D0B5C8BC8B}.Release|Any CPU.ActiveCfg = Release|Any CPU
		{5A1F1D91-00EC-4BEA-A911-85D0B5C8BC8B}.Release|Any CPU.Build.0 = Release|Any CPU
		{D14DBC7A-CA8F-4EF4-8474-F766B5FDE75A}.Debug|Any CPU.ActiveCfg = Debug|Any CPU
		{D14DBC7A-CA8F-4EF4-8474-F766B5FDE75A}.Debug|Any CPU.Build.0 = Debug|Any CPU
		{D14DBC7A-CA8F-4EF4-8474-F766B5FDE75A}.Release|Any CPU.ActiveCfg = Release|Any CPU
		{D14DBC7A-CA8F-4EF4-8474-F766B5FDE75A}.Release|Any CPU.Build.0 = Release|Any CPU
		{3B3846CE-3624-406B-8F27-29703F97E0BF}.Debug|Any CPU.ActiveCfg = Debug|Any CPU
		{3B3846CE-3624-406B-8F27-29703F97E0BF}.Debug|Any CPU.Build.0 = Debug|Any CPU
		{3B3846CE-3624-406B-8F27-29703F97E0BF}.Release|Any CPU.ActiveCfg = Release|Any CPU
		{3B3846CE-3624-406B-8F27-29703F97E0BF}.Release|Any CPU.Build.0 = Release|Any CPU
		{C0E62A85-F44F-4F1F-8DEB-D1BE2099C5B1}.Debug|Any CPU.ActiveCfg = Debug|Any CPU
		{C0E62A85-F44F-4F1F-8DEB-D1BE2099C5B1}.Debug|Any CPU.Build.0 = Debug|Any CPU
		{C0E62A85-F44F-4F1F-8DEB-D1BE2099C5B1}.Release|Any CPU.ActiveCfg = Release|Any CPU
		{C0E62A85-F44F-4F1F-8DEB-D1BE2099C5B1}.Release|Any CPU.Build.0 = Release|Any CPU
	EndGlobalSection
	GlobalSection(SolutionProperties) = preSolution
		HideSolutionNode = FALSE
	EndGlobalSection
	GlobalSection(ExtensibilityGlobals) = postSolution
		SolutionGuid = {54D3771C-01AB-4E00-B8F9-B2F5482C648F}
	EndGlobalSection
EndGlobal
